{
  "name": "somewhere-ours-private-city",
  "version": "0.1.0-phase-1",
  "lockfileVersion": 3,
  "requires": true,
  "packages": {
    "": {
      "name": "somewhere-ours-private-city",
      "version": "0.1.0-phase-1",
      "license": "UNLICENSED",
      "workspaces": [
        "apps/*",
        "packages/*",
        "adapters/*"
      ],
      "engines": {
        "node": ">=20.19.0",
        "npm": ">=10.0.0"
      },
      "devDependencies": {
        "@types/node": "24.10.1",
        "electron": "39.2.7",
        "electron-builder": "26.0.12",
        "eslint": "9.39.2",
        "prettier": "3.7.3",
        "typescript": "5.9.3",
        "vitest": "4.0.16"
      }
    }
  }
}
