{
  "name": "somewhere-ours-private-city",
  "version": "0.0.0-phase-0",
  "lockfileVersion": 3,
  "requires": true,
  "packages": {
    "": {
      "name": "somewhere-ours-private-city",
      "version": "0.0.0-phase-0",
      "license": "UNLICENSED",
      "workspaces": [
        "apps/*",
        "packages/*",
        "adapters/*"
      ],
      "engines": {
        "node": "24.15.0",
        "npm": "11.4.2"
      },
      "devDependencies": {
        "@types/node": "24.10.1",
        "eslint": "9.39.2",
        "prettier": "3.7.3",
        "typescript": "5.9.3"
      }
    }
  }
}
